<?xml version="1.0" encoding="utf-8"?>
<Project ToolsVersion="4.0" xmlns="http://schemas.microsoft.com/developer/msbuild/2003">
  <ItemGroup>
    <Filter Include="Source Files">
      <UniqueIdentifier>{4FC737F1-C7A5-4376-A066-2A32D752A2FF}</UniqueIdentifier>
      <Extensions>cpp;c;cxx;def;odl;idl;hpj;bat;asm;asmx</Extensions>
    </Filter>
    <Filter Include="Library Files">
      <UniqueIdentifier>{93995380-89BD-4b04-88EB-625FBE52EBFB}</UniqueIdentifier>
      <Extensions>h;hpp;hxx;hm;inl;inc;xsd</Extensions>
    </Filter>
    <Filter Include="Resource Files">
      <UniqueIdentifier>{67DA6AB6-F800-4c08-8B7A-83BB121AAD01}</UniqueIdentifier>
      <Extensions>rc;ico;cur;bmp;dlg;rc2;rct;bin;rgs;gif;jpg;jpeg;jpe;resx</Extensions>
    </Filter>
    <Filter Include="Conversion Files">
      <UniqueIdentifier>{fe994b9e-a0ac-4ce7-af9a-004b6df8e3ac}</UniqueIdentifier>
    </Filter>
    <Filter Include="Documentation">
      <UniqueIdentifier>{03e69bc4-a103-4d9b-899a-8f4bae9086bd}</UniqueIdentifier>
    </Filter>
    <Filter Include="Tests">
      <UniqueIdentifier>{d7aa644e-5fd6-41eb-845c-e26c217ec5e0}</UniqueIdentifier>
    </Filter>
  </ItemGroup>
  <ItemGroup>
    <ClCompile Include="snippets.cpp">
      <Filter>Source Files</Filter>
    </ClCompile>
    <ClCompile Include="test1.cpp">
      <Filter>Source Files</Filter>
    </ClCompile>
    <ClCompile Include="testsi.cpp">
      <Filter>Source Files</Filter>
    </ClCompile>
    <ClCompile Include="ConvertUTF.c">
      <Filter>Conversion Files</Filter>
    </ClCompile>
  </ItemGroup>
  <ItemGroup>
    <ClInclude Include="SimpleIni.h">
      <Filter>Library Files</Filter>
    </ClInclude>
    <ClInclude Include="ConvertUTF.h">
      <Filter>Conversion Files</Filter>
    </ClInclude>
  </ItemGroup>
  <ItemGroup>
    <None Include="Makefile">
      <Filter>Resource Files</Filter>
    </None>
    <None Include="testsi-EUCJP.ini">
      <Filter>Resource Files</Filter>
    </None>
    <None Include="testsi-SJIS.ini">
      <Filter>Resource Files</Filter>
    </None>
    <None Include="testsi-UTF8.ini">
      <Filter>Resource Files</Filter>
    </None>
    <None Include="test1-expected.ini">
      <Filter>Tests</Filter>
    </None>
    <None Include="test1-input.ini">
      <Filter>Tests</Filter>
    </None>
    <None Include="test1-output.ini">
      <Filter>Tests</Filter>
    </None>
  </ItemGroup>
  <ItemGroup>
    <CustomBuild Include="simpleini.doxy">
      <Filter>Documentation</Filter>
    </CustomBuild>
  </ItemGroup>
</Project>