
Microsoft Visual Studio Solution File, Format Version 12.00
# Visual Studio Version 16
VisualStudioVersion = 16.0.29230.47
MinimumVisualStudioVersion = 12.0
Project("{8BC9CEB8-8B4A-11D0-8D11-00A0C91BC942}") = "SKSE", "SKSE\SKSE.vcxproj", "{E2BB26EC-2013-42CD-BCA5-C9C566BA0379}"
EndProject
Project("{8BC9CEB8-8B4A-11D0-8D11-00A0C91BC942}") = "Skyrim", "Skyrim\Skyrim.vcxproj", "{AD95F75E-FD79-4F2F-BC36-828D592A790A}"
EndProject
Project("{2150E333-8FDC-42A3-9474-1A3956D46DE8}") = "Libs", "Libs", "{B97F6877-F78C-4BE1-A8A1-4F4C0ECB59C5}"
EndProject
Project("{2150E333-8FDC-42A3-9474-1A3956D46DE8}") = "PO3", "PO3", "{7C9A191C-BE33-4F4B-A4AF-BEAF5047B52F}"
EndProject
Project("{8BC9CEB8-8B4A-11D0-8D11-00A0C91BC942}") = "SimpleIni", "simpleini-4.17\SimpleIni.vcxproj", "{C23240A6-AA9D-4827-AF06-C98E97CA6DFB}"
EndProject
Project("{8BC9CEB8-8B4A-11D0-8D11-00A0C91BC942}") = "po3_WashThatBloodOff", "po3_washoffblood\WashThatBloodOff.vcxproj", "{8F868CCF-A952-4EEC-B570-098C39E429DD}"
EndProject
Project("{8BC9CEB8-8B4A-11D0-8D11-00A0C91BC942}") = "po3_FEC", "po3_FEC\FEC.vcxproj", "{425A779A-CAB7-4F49-949C-D2E408121C83}"
EndProject
Project("{8BC9CEB8-8B4A-11D0-8D11-00A0C91BC942}") = "po3_papyrusextender", "po3_papyrusextender\PapyrusExtender.vcxproj", "{5239424D-DC5C-4E1C-B31A-1288B1055A4C}"
EndProject
Global
	GlobalSection(SolutionConfigurationPlatforms) = preSolution
		Debug Unicode|Win32 = Debug Unicode|Win32
		Debug Unicode|x64 = Debug Unicode|x64
		Debug|Win32 = Debug|Win32
		Debug|x64 = Debug|x64
		Release Unicode|Win32 = Release Unicode|Win32
		Release Unicode|x64 = Release Unicode|x64
		Release|Win32 = Release|Win32
		Release|x64 = Release|x64
	EndGlobalSection
	GlobalSection(ProjectConfigurationPlatforms) = postSolution
		{E2BB26EC-2013-42CD-BCA5-C9C566BA0379}.Debug Unicode|Win32.ActiveCfg = Debug|Win32
		{E2BB26EC-2013-42CD-BCA5-C9C566BA0379}.Debug Unicode|Win32.Build.0 = Debug|Win32
		{E2BB26EC-2013-42CD-BCA5-C9C566BA0379}.Debug Unicode|x64.ActiveCfg = Release|Win32
		{E2BB26EC-2013-42CD-BCA5-C9C566BA0379}.Debug Unicode|x64.Build.0 = Release|Win32
		{E2BB26EC-2013-42CD-BCA5-C9C566BA0379}.Debug|Win32.ActiveCfg = Debug|Win32
		{E2BB26EC-2013-42CD-BCA5-C9C566BA0379}.Debug|Win32.Build.0 = Debug|Win32
		{E2BB26EC-2013-42CD-BCA5-C9C566BA0379}.Debug|x64.ActiveCfg = Debug|Win32
		{E2BB26EC-2013-42CD-BCA5-C9C566BA0379}.Release Unicode|Win32.ActiveCfg = Release|Win32
		{E2BB26EC-2013-42CD-BCA5-C9C566BA0379}.Release Unicode|Win32.Build.0 = Release|Win32
		{E2BB26EC-2013-42CD-BCA5-C9C566BA0379}.Release Unicode|x64.ActiveCfg = Release|Win32
		{E2BB26EC-2013-42CD-BCA5-C9C566BA0379}.Release Unicode|x64.Build.0 = Release|Win32
		{E2BB26EC-2013-42CD-BCA5-C9C566BA0379}.Release|Win32.ActiveCfg = Release|Win32
		{E2BB26EC-2013-42CD-BCA5-C9C566BA0379}.Release|Win32.Build.0 = Release|Win32
		{E2BB26EC-2013-42CD-BCA5-C9C566BA0379}.Release|x64.ActiveCfg = Release|Win32
		{AD95F75E-FD79-4F2F-BC36-828D592A790A}.Debug Unicode|Win32.ActiveCfg = Debug|Win32
		{AD95F75E-FD79-4F2F-BC36-828D592A790A}.Debug Unicode|Win32.Build.0 = Debug|Win32
		{AD95F75E-FD79-4F2F-BC36-828D592A790A}.Debug Unicode|x64.ActiveCfg = Release|Win32
		{AD95F75E-FD79-4F2F-BC36-828D592A790A}.Debug Unicode|x64.Build.0 = Release|Win32
		{AD95F75E-FD79-4F2F-BC36-828D592A790A}.Debug|Win32.ActiveCfg = Debug|Win32
		{AD95F75E-FD79-4F2F-BC36-828D592A790A}.Debug|Win32.Build.0 = Debug|Win32
		{AD95F75E-FD79-4F2F-BC36-828D592A790A}.Debug|x64.ActiveCfg = Debug|Win32
		{AD95F75E-FD79-4F2F-BC36-828D592A790A}.Release Unicode|Win32.ActiveCfg = Release|Win32
		{AD95F75E-FD79-4F2F-BC36-828D592A790A}.Release Unicode|Win32.Build.0 = Release|Win32
		{AD95F75E-FD79-4F2F-BC36-828D592A790A}.Release Unicode|x64.ActiveCfg = Release|Win32
		{AD95F75E-FD79-4F2F-BC36-828D592A790A}.Release Unicode|x64.Build.0 = Release|Win32
		{AD95F75E-FD79-4F2F-BC36-828D592A790A}.Release|Win32.ActiveCfg = Release|Win32
		{AD95F75E-FD79-4F2F-BC36-828D592A790A}.Release|Win32.Build.0 = Release|Win32
		{AD95F75E-FD79-4F2F-BC36-828D592A790A}.Release|x64.ActiveCfg = Release|Win32
		{C23240A6-AA9D-4827-AF06-C98E97CA6DFB}.Debug Unicode|Win32.ActiveCfg = Debug Unicode|Win32
		{C23240A6-AA9D-4827-AF06-C98E97CA6DFB}.Debug Unicode|Win32.Build.0 = Debug Unicode|Win32
		{C23240A6-AA9D-4827-AF06-C98E97CA6DFB}.Debug Unicode|x64.ActiveCfg = Debug Unicode|Win32
		{C23240A6-AA9D-4827-AF06-C98E97CA6DFB}.Debug|Win32.ActiveCfg = Debug|Win32
		{C23240A6-AA9D-4827-AF06-C98E97CA6DFB}.Debug|Win32.Build.0 = Debug|Win32
		{C23240A6-AA9D-4827-AF06-C98E97CA6DFB}.Debug|x64.ActiveCfg = Debug|Win32
		{C23240A6-AA9D-4827-AF06-C98E97CA6DFB}.Release Unicode|Win32.ActiveCfg = Release Unicode|Win32
		{C23240A6-AA9D-4827-AF06-C98E97CA6DFB}.Release Unicode|Win32.Build.0 = Release Unicode|Win32
		{C23240A6-AA9D-4827-AF06-C98E97CA6DFB}.Release Unicode|x64.ActiveCfg = Release Unicode|Win32
		{C23240A6-AA9D-4827-AF06-C98E97CA6DFB}.Release|Win32.ActiveCfg = Release|Win32
		{C23240A6-AA9D-4827-AF06-C98E97CA6DFB}.Release|Win32.Build.0 = Release|Win32
		{C23240A6-AA9D-4827-AF06-C98E97CA6DFB}.Release|x64.ActiveCfg = Release|Win32
		{8F868CCF-A952-4EEC-B570-098C39E429DD}.Debug Unicode|Win32.ActiveCfg = Debug|Win32
		{8F868CCF-A952-4EEC-B570-098C39E429DD}.Debug Unicode|Win32.Build.0 = Debug|Win32
		{8F868CCF-A952-4EEC-B570-098C39E429DD}.Debug Unicode|x64.ActiveCfg = Debug|Win32
		{8F868CCF-A952-4EEC-B570-098C39E429DD}.Debug Unicode|x64.Build.0 = Debug|Win32
		{8F868CCF-A952-4EEC-B570-098C39E429DD}.Debug|Win32.ActiveCfg = Debug|Win32
		{8F868CCF-A952-4EEC-B570-098C39E429DD}.Debug|Win32.Build.0 = Debug|Win32
		{8F868CCF-A952-4EEC-B570-098C39E429DD}.Debug|x64.ActiveCfg = Debug|Win32
		{8F868CCF-A952-4EEC-B570-098C39E429DD}.Release Unicode|Win32.ActiveCfg = Release|Win32
		{8F868CCF-A952-4EEC-B570-098C39E429DD}.Release Unicode|Win32.Build.0 = Release|Win32
		{8F868CCF-A952-4EEC-B570-098C39E429DD}.Release Unicode|x64.ActiveCfg = Debug|Win32
		{8F868CCF-A952-4EEC-B570-098C39E429DD}.Release Unicode|x64.Build.0 = Debug|Win32
		{8F868CCF-A952-4EEC-B570-098C39E429DD}.Release|Win32.ActiveCfg = Release|Win32
		{8F868CCF-A952-4EEC-B570-098C39E429DD}.Release|Win32.Build.0 = Release|Win32
		{8F868CCF-A952-4EEC-B570-098C39E429DD}.Release|x64.ActiveCfg = Release|Win32
		{425A779A-CAB7-4F49-949C-D2E408121C83}.Debug Unicode|Win32.ActiveCfg = Debug|Win32
		{425A779A-CAB7-4F49-949C-D2E408121C83}.Debug Unicode|Win32.Build.0 = Debug|Win32
		{425A779A-CAB7-4F49-949C-D2E408121C83}.Debug Unicode|x64.ActiveCfg = Debug|Win32
		{425A779A-CAB7-4F49-949C-D2E408121C83}.Debug Unicode|x64.Build.0 = Debug|Win32
		{425A779A-CAB7-4F49-949C-D2E408121C83}.Debug|Win32.ActiveCfg = Debug|Win32
		{425A779A-CAB7-4F49-949C-D2E408121C83}.Debug|Win32.Build.0 = Debug|Win32
		{425A779A-CAB7-4F49-949C-D2E408121C83}.Debug|x64.ActiveCfg = Debug|Win32
		{425A779A-CAB7-4F49-949C-D2E408121C83}.Release Unicode|Win32.ActiveCfg = Release|Win32
		{425A779A-CAB7-4F49-949C-D2E408121C83}.Release Unicode|Win32.Build.0 = Release|Win32
		{425A779A-CAB7-4F49-949C-D2E408121C83}.Release Unicode|x64.ActiveCfg = Debug|Win32
		{425A779A-CAB7-4F49-949C-D2E408121C83}.Release Unicode|x64.Build.0 = Debug|Win32
		{425A779A-CAB7-4F49-949C-D2E408121C83}.Release|Win32.ActiveCfg = Release|Win32
		{425A779A-CAB7-4F49-949C-D2E408121C83}.Release|Win32.Build.0 = Release|Win32
		{425A779A-CAB7-4F49-949C-D2E408121C83}.Release|x64.ActiveCfg = Release|Win32
		{5239424D-DC5C-4E1C-B31A-1288B1055A4C}.Debug Unicode|Win32.ActiveCfg = Debug|Win32
		{5239424D-DC5C-4E1C-B31A-1288B1055A4C}.Debug Unicode|Win32.Build.0 = Debug|Win32
		{5239424D-DC5C-4E1C-B31A-1288B1055A4C}.Debug Unicode|x64.ActiveCfg = Debug|Win32
		{5239424D-DC5C-4E1C-B31A-1288B1055A4C}.Debug Unicode|x64.Build.0 = Debug|Win32
		{5239424D-DC5C-4E1C-B31A-1288B1055A4C}.Debug|Win32.ActiveCfg = Debug|Win32
		{5239424D-DC5C-4E1C-B31A-1288B1055A4C}.Debug|Win32.Build.0 = Debug|Win32
		{5239424D-DC5C-4E1C-B31A-1288B1055A4C}.Debug|x64.ActiveCfg = Debug|Win32
		{5239424D-DC5C-4E1C-B31A-1288B1055A4C}.Release Unicode|Win32.ActiveCfg = Release|Win32
		{5239424D-DC5C-4E1C-B31A-1288B1055A4C}.Release Unicode|Win32.Build.0 = Release|Win32
		{5239424D-DC5C-4E1C-B31A-1288B1055A4C}.Release Unicode|x64.ActiveCfg = Debug|Win32
		{5239424D-DC5C-4E1C-B31A-1288B1055A4C}.Release Unicode|x64.Build.0 = Debug|Win32
		{5239424D-DC5C-4E1C-B31A-1288B1055A4C}.Release|Win32.ActiveCfg = Release|Win32
		{5239424D-DC5C-4E1C-B31A-1288B1055A4C}.Release|Win32.Build.0 = Release|Win32
		{5239424D-DC5C-4E1C-B31A-1288B1055A4C}.Release|x64.ActiveCfg = Release|Win32
	EndGlobalSection
	GlobalSection(SolutionProperties) = preSolution
		HideSolutionNode = FALSE
	EndGlobalSection
	GlobalSection(NestedProjects) = preSolution
		{E2BB26EC-2013-42CD-BCA5-C9C566BA0379} = {B97F6877-F78C-4BE1-A8A1-4F4C0ECB59C5}
		{AD95F75E-FD79-4F2F-BC36-828D592A790A} = {B97F6877-F78C-4BE1-A8A1-4F4C0ECB59C5}
		{C23240A6-AA9D-4827-AF06-C98E97CA6DFB} = {B97F6877-F78C-4BE1-A8A1-4F4C0ECB59C5}
		{8F868CCF-A952-4EEC-B570-098C39E429DD} = {7C9A191C-BE33-4F4B-A4AF-BEAF5047B52F}
		{425A779A-CAB7-4F49-949C-D2E408121C83} = {7C9A191C-BE33-4F4B-A4AF-BEAF5047B52F}
		{5239424D-DC5C-4E1C-B31A-1288B1055A4C} = {7C9A191C-BE33-4F4B-A4AF-BEAF5047B52F}
	EndGlobalSection
	GlobalSection(ExtensibilityGlobals) = postSolution
		SolutionGuid = {FBE80E9F-7C9E-4880-AFD8-B0BD94335C2C}
	EndGlobalSection
EndGlobal
