
Microsoft Visual Studio Solution File, Format Version 12.00
# Visual Studio Version 16
VisualStudioVersion = 16.0.29411.108
MinimumVisualStudioVersion = 12.0
Project("{8BC9CEB8-8B4A-11D0-8D11-00A0C91BC942}") = "SKSE", "SKSE\SKSE.vcxproj", "{E2BB26EC-2013-42CD-BCA5-C9C566BA0379}"
EndProject
Project("{8BC9CEB8-8B4A-11D0-8D11-00A0C91BC942}") = "Skyrim", "Skyrim\Skyrim.vcxproj", "{AD95F75E-FD79-4F2F-BC36-828D592A790A}"
EndProject
Project("{2150E333-8FDC-42A3-9474-1A3956D46DE8}") = "Libs", "Libs", "{B97F6877-F78C-4BE1-A8A1-4F4C0ECB59C5}"
EndProject
Project("{2150E333-8FDC-42A3-9474-1A3956D46DE8}") = "ExampleDlls", "ExampleDlls", "{0629E4D3-CF6F-4EFD-A1A7-11C25AC2F62C}"
EndProject
Project("{8BC9CEB8-8B4A-11D0-8D11-00A0C91BC942}") = "plugin_example", "plugin_example\plugin_example.vcxproj", "{9FD62F8C-56AD-4EAA-9963-9D05449A78F6}"
EndProject
Project("{8BC9CEB8-8B4A-11D0-8D11-00A0C91BC942}") = "dump_rtti", "dump_rtti\dump_rtti.vcxproj", "{0084B685-C778-4BB9-A671-2FEE90D14B66}"
EndProject
Project("{8BC9CEB8-8B4A-11D0-8D11-00A0C91BC942}") = "dump_functions", "dump_functions\dump_functions.vcxproj", "{F316DFBF-2F36-4C15-BE58-236C5EDEFBDC}"
EndProject
Project("{8BC9CEB8-8B4A-11D0-8D11-00A0C91BC942}") = "po3_papyrusextender", "po3_papyrusextender\PapyrusExtender.vcxproj", "{5239424D-DC5C-4E1C-B31A-1288B1055A4C}"
EndProject
Project("{2150E333-8FDC-42A3-9474-1A3956D46DE8}") = "PO3", "PO3", "{1AD7AD47-25BB-4AA8-A14A-59CE35AB74B3}"
EndProject
Project("{8BC9CEB8-8B4A-11D0-8D11-00A0C91BC942}") = "po3_FEC", "po3_FEC\FEC.vcxproj", "{425A779A-CAB7-4F49-949C-D2E408121C83}"
EndProject
Project("{8BC9CEB8-8B4A-11D0-8D11-00A0C91BC942}") = "SimpleIni", "simpleini-4.17\SimpleIni.vcxproj", "{C23240A6-AA9D-4827-AF06-C98E97CA6DFB}"
EndProject
Global
	GlobalSection(SolutionConfigurationPlatforms) = preSolution
		Debug Unicode|Win32 = Debug Unicode|Win32
		Debug|Win32 = Debug|Win32
		Release Unicode|Win32 = Release Unicode|Win32
		Release|Win32 = Release|Win32
	EndGlobalSection
	GlobalSection(ProjectConfigurationPlatforms) = postSolution
		{E2BB26EC-2013-42CD-BCA5-C9C566BA0379}.Debug Unicode|Win32.ActiveCfg = Debug|Win32
		{E2BB26EC-2013-42CD-BCA5-C9C566BA0379}.Debug Unicode|Win32.Build.0 = Debug|Win32
		{E2BB26EC-2013-42CD-BCA5-C9C566BA0379}.Debug|Win32.ActiveCfg = Debug|Win32
		{E2BB26EC-2013-42CD-BCA5-C9C566BA0379}.Debug|Win32.Build.0 = Debug|Win32
		{E2BB26EC-2013-42CD-BCA5-C9C566BA0379}.Release Unicode|Win32.ActiveCfg = Release|Win32
		{E2BB26EC-2013-42CD-BCA5-C9C566BA0379}.Release Unicode|Win32.Build.0 = Release|Win32
		{E2BB26EC-2013-42CD-BCA5-C9C566BA0379}.Release|Win32.ActiveCfg = Release|Win32
		{E2BB26EC-2013-42CD-BCA5-C9C566BA0379}.Release|Win32.Build.0 = Release|Win32
		{AD95F75E-FD79-4F2F-BC36-828D592A790A}.Debug Unicode|Win32.ActiveCfg = Debug|Win32
		{AD95F75E-FD79-4F2F-BC36-828D592A790A}.Debug Unicode|Win32.Build.0 = Debug|Win32
		{AD95F75E-FD79-4F2F-BC36-828D592A790A}.Debug|Win32.ActiveCfg = Debug|Win32
		{AD95F75E-FD79-4F2F-BC36-828D592A790A}.Debug|Win32.Build.0 = Debug|Win32
		{AD95F75E-FD79-4F2F-BC36-828D592A790A}.Release Unicode|Win32.ActiveCfg = Release|Win32
		{AD95F75E-FD79-4F2F-BC36-828D592A790A}.Release Unicode|Win32.Build.0 = Release|Win32
		{AD95F75E-FD79-4F2F-BC36-828D592A790A}.Release|Win32.ActiveCfg = Release|Win32
		{AD95F75E-FD79-4F2F-BC36-828D592A790A}.Release|Win32.Build.0 = Release|Win32
		{9FD62F8C-56AD-4EAA-9963-9D05449A78F6}.Debug Unicode|Win32.ActiveCfg = Debug|Win32
		{9FD62F8C-56AD-4EAA-9963-9D05449A78F6}.Debug Unicode|Win32.Build.0 = Debug|Win32
		{9FD62F8C-56AD-4EAA-9963-9D05449A78F6}.Debug|Win32.ActiveCfg = Debug|Win32
		{9FD62F8C-56AD-4EAA-9963-9D05449A78F6}.Debug|Win32.Build.0 = Debug|Win32
		{9FD62F8C-56AD-4EAA-9963-9D05449A78F6}.Release Unicode|Win32.ActiveCfg = Release|Win32
		{9FD62F8C-56AD-4EAA-9963-9D05449A78F6}.Release Unicode|Win32.Build.0 = Release|Win32
		{9FD62F8C-56AD-4EAA-9963-9D05449A78F6}.Release|Win32.ActiveCfg = Release|Win32
		{9FD62F8C-56AD-4EAA-9963-9D05449A78F6}.Release|Win32.Build.0 = Release|Win32
		{0084B685-C778-4BB9-A671-2FEE90D14B66}.Debug Unicode|Win32.ActiveCfg = Debug|Win32
		{0084B685-C778-4BB9-A671-2FEE90D14B66}.Debug Unicode|Win32.Build.0 = Debug|Win32
		{0084B685-C778-4BB9-A671-2FEE90D14B66}.Debug|Win32.ActiveCfg = Debug|Win32
		{0084B685-C778-4BB9-A671-2FEE90D14B66}.Debug|Win32.Build.0 = Debug|Win32
		{0084B685-C778-4BB9-A671-2FEE90D14B66}.Release Unicode|Win32.ActiveCfg = Release|Win32
		{0084B685-C778-4BB9-A671-2FEE90D14B66}.Release Unicode|Win32.Build.0 = Release|Win32
		{0084B685-C778-4BB9-A671-2FEE90D14B66}.Release|Win32.ActiveCfg = Release|Win32
		{0084B685-C778-4BB9-A671-2FEE90D14B66}.Release|Win32.Build.0 = Release|Win32
		{F316DFBF-2F36-4C15-BE58-236C5EDEFBDC}.Debug Unicode|Win32.ActiveCfg = Debug|Win32
		{F316DFBF-2F36-4C15-BE58-236C5EDEFBDC}.Debug Unicode|Win32.Build.0 = Debug|Win32
		{F316DFBF-2F36-4C15-BE58-236C5EDEFBDC}.Debug|Win32.ActiveCfg = Debug|Win32
		{F316DFBF-2F36-4C15-BE58-236C5EDEFBDC}.Debug|Win32.Build.0 = Debug|Win32
		{F316DFBF-2F36-4C15-BE58-236C5EDEFBDC}.Release Unicode|Win32.ActiveCfg = Release|Win32
		{F316DFBF-2F36-4C15-BE58-236C5EDEFBDC}.Release Unicode|Win32.Build.0 = Release|Win32
		{F316DFBF-2F36-4C15-BE58-236C5EDEFBDC}.Release|Win32.ActiveCfg = Release|Win32
		{F316DFBF-2F36-4C15-BE58-236C5EDEFBDC}.Release|Win32.Build.0 = Release|Win32
		{5239424D-DC5C-4E1C-B31A-1288B1055A4C}.Debug Unicode|Win32.ActiveCfg = Debug|Win32
		{5239424D-DC5C-4E1C-B31A-1288B1055A4C}.Debug Unicode|Win32.Build.0 = Debug|Win32
		{5239424D-DC5C-4E1C-B31A-1288B1055A4C}.Debug|Win32.ActiveCfg = Debug|Win32
		{5239424D-DC5C-4E1C-B31A-1288B1055A4C}.Debug|Win32.Build.0 = Debug|Win32
		{5239424D-DC5C-4E1C-B31A-1288B1055A4C}.Release Unicode|Win32.ActiveCfg = Release|Win32
		{5239424D-DC5C-4E1C-B31A-1288B1055A4C}.Release Unicode|Win32.Build.0 = Release|Win32
		{5239424D-DC5C-4E1C-B31A-1288B1055A4C}.Release|Win32.ActiveCfg = Release|Win32
		{5239424D-DC5C-4E1C-B31A-1288B1055A4C}.Release|Win32.Build.0 = Release|Win32
		{425A779A-CAB7-4F49-949C-D2E408121C83}.Debug Unicode|Win32.ActiveCfg = Debug|Win32
		{425A779A-CAB7-4F49-949C-D2E408121C83}.Debug Unicode|Win32.Build.0 = Debug|Win32
		{425A779A-CAB7-4F49-949C-D2E408121C83}.Debug|Win32.ActiveCfg = Debug|Win32
		{425A779A-CAB7-4F49-949C-D2E408121C83}.Debug|Win32.Build.0 = Debug|Win32
		{425A779A-CAB7-4F49-949C-D2E408121C83}.Release Unicode|Win32.ActiveCfg = Release|Win32
		{425A779A-CAB7-4F49-949C-D2E408121C83}.Release Unicode|Win32.Build.0 = Release|Win32
		{425A779A-CAB7-4F49-949C-D2E408121C83}.Release|Win32.ActiveCfg = Release|Win32
		{425A779A-CAB7-4F49-949C-D2E408121C83}.Release|Win32.Build.0 = Release|Win32
		{C23240A6-AA9D-4827-AF06-C98E97CA6DFB}.Debug Unicode|Win32.ActiveCfg = Debug Unicode|Win32
		{C23240A6-AA9D-4827-AF06-C98E97CA6DFB}.Debug Unicode|Win32.Build.0 = Debug Unicode|Win32
		{C23240A6-AA9D-4827-AF06-C98E97CA6DFB}.Debug|Win32.ActiveCfg = Debug|Win32
		{C23240A6-AA9D-4827-AF06-C98E97CA6DFB}.Debug|Win32.Build.0 = Debug|Win32
		{C23240A6-AA9D-4827-AF06-C98E97CA6DFB}.Release Unicode|Win32.ActiveCfg = Release Unicode|Win32
		{C23240A6-AA9D-4827-AF06-C98E97CA6DFB}.Release Unicode|Win32.Build.0 = Release Unicode|Win32
		{C23240A6-AA9D-4827-AF06-C98E97CA6DFB}.Release|Win32.ActiveCfg = Release|Win32
		{C23240A6-AA9D-4827-AF06-C98E97CA6DFB}.Release|Win32.Build.0 = Release|Win32
	EndGlobalSection
	GlobalSection(SolutionProperties) = preSolution
		HideSolutionNode = FALSE
	EndGlobalSection
	GlobalSection(NestedProjects) = preSolution
		{E2BB26EC-2013-42CD-BCA5-C9C566BA0379} = {B97F6877-F78C-4BE1-A8A1-4F4C0ECB59C5}
		{AD95F75E-FD79-4F2F-BC36-828D592A790A} = {B97F6877-F78C-4BE1-A8A1-4F4C0ECB59C5}
		{9FD62F8C-56AD-4EAA-9963-9D05449A78F6} = {0629E4D3-CF6F-4EFD-A1A7-11C25AC2F62C}
		{0084B685-C778-4BB9-A671-2FEE90D14B66} = {0629E4D3-CF6F-4EFD-A1A7-11C25AC2F62C}
		{F316DFBF-2F36-4C15-BE58-236C5EDEFBDC} = {0629E4D3-CF6F-4EFD-A1A7-11C25AC2F62C}
		{5239424D-DC5C-4E1C-B31A-1288B1055A4C} = {1AD7AD47-25BB-4AA8-A14A-59CE35AB74B3}
		{425A779A-CAB7-4F49-949C-D2E408121C83} = {1AD7AD47-25BB-4AA8-A14A-59CE35AB74B3}
		{C23240A6-AA9D-4827-AF06-C98E97CA6DFB} = {B97F6877-F78C-4BE1-A8A1-4F4C0ECB59C5}
	EndGlobalSection
	GlobalSection(ExtensibilityGlobals) = postSolution
		SolutionGuid = {F5DC9E6C-BDCF-4215-9F92-EBD35AF202F9}
	EndGlobalSection
EndGlobal
